
Microsoft Visual Studio Solution File, Format Version 12.00
# Visual Studio Version 17
VisualStudioVersion = 17.13.35913.81 d17.13
MinimumVisualStudioVersion = 10.0.40219.1
Project("{FAE04EC0-301F-11D3-BF4B-00C04F79EFBC}") = "BreakCrypto", "BreakCrypto\BreakCrypto.csproj", "{2957A7EA-3F29-4B1C-BEFB-B55F396335DA}"
EndProject
Project("{FAE04EC0-301F-11D3-BF4B-00C04F79EFBC}") = "Tests", "Tests\Tests.csproj", "{1A1FB239-041E-4B61-8520-03C3D00D0674}"
EndProject
Project("{FAE04EC0-301F-11D3-BF4B-00C04F79EFBC}") = "MyCrypto", "MyCrypto\MyCrypto.csproj", "{AC735F0E-1D08-4892-9CEC-441F1B14CCB9}"
EndProject
Global
	GlobalSection(SolutionConfigurationPlatforms) = preSolution
		Debug|Any CPU = Debug|Any CPU
		Release|Any CPU = Release|Any CPU
	EndGlobalSection
	GlobalSection(ProjectConfigurationPlatforms) = postSolution
		{2957A7EA-3F29-4B1C-BEFB-B55F396335DA}.Debug|Any CPU.ActiveCfg = Debug|Any CPU
		{2957A7EA-3F29-4B1C-BEFB-B55F396335DA}.Debug|Any CPU.Build.0 = Debug|Any CPU
		{2957A7EA-3F29-4B1C-BEFB-B55F396335DA}.Release|Any CPU.ActiveCfg = Release|Any CPU
		{2957A7EA-3F29-4B1C-BEFB-B55F396335DA}.Release|Any CPU.Build.0 = Release|Any CPU
		{1A1FB239-041E-4B61-8520-03C3D00D0674}.Debug|Any CPU.ActiveCfg = Debug|Any CPU
		{1A1FB239-041E-4B61-8520-03C3D00D0674}.Debug|Any CPU.Build.0 = Debug|Any CPU
		{1A1FB239-041E-4B61-8520-03C3D00D0674}.Release|Any CPU.ActiveCfg = Release|Any CPU
		{1A1FB239-041E-4B61-8520-03C3D00D0674}.Release|Any CPU.Build.0 = Release|Any CPU
		{AC735F0E-1D08-4892-9CEC-441F1B14CCB9}.Debug|Any CPU.ActiveCfg = Debug|Any CPU
		{AC735F0E-1D08-4892-9CEC-441F1B14CCB9}.Debug|Any CPU.Build.0 = Debug|Any CPU
		{AC735F0E-1D08-4892-9CEC-441F1B14CCB9}.Release|Any CPU.ActiveCfg = Release|Any CPU
		{AC735F0E-1D08-4892-9CEC-441F1B14CCB9}.Release|Any CPU.Build.0 = Release|Any CPU
	EndGlobalSection
	GlobalSection(SolutionProperties) = preSolution
		HideSolutionNode = FALSE
	EndGlobalSection
	GlobalSection(ExtensibilityGlobals) = postSolution
		SolutionGuid = {98918A95-F36B-4608-B625-08E219C88284}
	EndGlobalSection
EndGlobal
